// !$*UTF8*$!
{
	archiveVersion = 1;
	classes = {
	};
	objectVersion = 46;
	objects = {

/* Begin PBXBuildFile section */
		04A57F5F1D85325400A9DB47 /* UIView+Location.m in Sources */ = {isa = PBXBuildFile; fileRef = 04A57F5E1D85325400A9DB47 /* UIView+Location.m */; };
		04A57F621D85594700A9DB47 /* NextBallsBoardView.m in Sources */ = {isa = PBXBuildFile; fileRef = 04A57F611D85594700A9DB47 /* NextBallsBoardView.m */; };
		04A57F651D85980D00A9DB47 /* BallBoardSuperView.m in Sources */ = {isa = PBXBuildFile; fileRef = 04A57F641D85980D00A9DB47 /* BallBoardSuperView.m */; };
		04A57F681D86D91900A9DB47 /* RankingsViewController.m in Sources */ = {isa = PBXBuildFile; fileRef = 04A57F671D86D91900A9DB47 /* RankingsViewController.m */; };
		04A57F8F1D87F05800A9DB47 /* TutorialViewController.m in Sources */ = {isa = PBXBuildFile; fileRef = 04A57F8E1D87F05800A9DB47 /* TutorialViewController.m */; };
		04A57FDE1D89B45500A9DB47 /* ResultView.m in Sources */ = {isa = PBXBuildFile; fileRef = 04A57FDD1D89B45500A9DB47 /* ResultView.m */; };
		04A57FE11D8E698800A9DB47 /* Rankings.m in Sources */ = {isa = PBXBuildFile; fileRef = 04A57FE01D8E698800A9DB47 /* Rankings.m */; };
		04A57FE41D8E6FFC00A9DB47 /* ConcreteRankings.m in Sources */ = {isa = PBXBuildFile; fileRef = 04A57FE31D8E6FFC00A9DB47 /* ConcreteRankings.m */; };
		04D7ACBD1D81C79C005FD9C6 /* GameConfig.m in Sources */ = {isa = PBXBuildFile; fileRef = 04D7ACBC1D81C79C005FD9C6 /* GameConfig.m */; };
		04D7ACC01D827C26005FD9C6 /* ShortestPath.m in Sources */ = {isa = PBXBuildFile; fileRef = 04D7ACBF1D827C26005FD9C6 /* ShortestPath.m */; };
		04F1C75F1D82D1C300CDF462 /* Common.m in Sources */ = {isa = PBXBuildFile; fileRef = 04F1C75E1D82D1C300CDF462 /* Common.m */; };
		F604CEA61D7D57A1002073B4 /* main.m in Sources */ = {isa = PBXBuildFile; fileRef = F604CEA51D7D57A1002073B4 /* main.m */; };
		F604CEA91D7D57A1002073B4 /* AppDelegate.m in Sources */ = {isa = PBXBuildFile; fileRef = F604CEA81D7D57A1002073B4 /* AppDelegate.m */; };
		F604CEAC1D7D57A1002073B4 /* ViewController.m in Sources */ = {isa = PBXBuildFile; fileRef = F604CEAB1D7D57A1002073B4 /* ViewController.m */; };
		F604CEAF1D7D57A1002073B4 /* Main.storyboard in Resources */ = {isa = PBXBuildFile; fileRef = F604CEAD1D7D57A1002073B4 /* Main.storyboard */; };
		F604CEB11D7D57A1002073B4 /* Assets.xcassets in Resources */ = {isa = PBXBuildFile; fileRef = F604CEB01D7D57A1002073B4 /* Assets.xcassets */; };
		F604CEB41D7D57A1002073B4 /* LaunchScreen.storyboard in Resources */ = {isa = PBXBuildFile; fileRef = F604CEB21D7D57A1002073B4 /* LaunchScreen.storyboard */; };
		F604CEBF1D7D57A1002073B4 /* MyGameTests.m in Sources */ = {isa = PBXBuildFile; fileRef = F604CEBE1D7D57A1002073B4 /* MyGameTests.m */; };
		F604CECA1D7D57A1002073B4 /* MyGameUITests.m in Sources */ = {isa = PBXBuildFile; fileRef = F604CEC91D7D57A1002073B4 /* MyGameUITests.m */; };
		F604CEDF1D7D8151002073B4 /* Ball.m in Sources */ = {isa = PBXBuildFile; fileRef = F604CEDE1D7D8151002073B4 /* Ball.m */; };
		F604CEE31D7D8D28002073B4 /* PlayBoard.m in Sources */ = {isa = PBXBuildFile; fileRef = F604CEE21D7D8D27002073B4 /* PlayBoard.m */; };
		F604CEE71D7D9169002073B4 /* RandomBallFactory.m in Sources */ = {isa = PBXBuildFile; fileRef = F604CEE61D7D9169002073B4 /* RandomBallFactory.m */; };
		F618173E1D7E8BED0026D828 /* BoardView.m in Sources */ = {isa = PBXBuildFile; fileRef = F618173D1D7E8BED0026D828 /* BoardView.m */; };
/* End PBXBuildFile section */

/* Begin PBXContainerItemProxy section */
		F604CEBB1D7D57A1002073B4 /* PBXContainerItemProxy */ = {
			isa = PBXContainerItemProxy;
			containerPortal = F604CE991D7D57A1002073B4 /* Project object */;
			proxyType = 1;
			remoteGlobalIDString = F604CEA01D7D57A1002073B4;
			remoteInfo = MyGame;
		};
		F604CEC61D7D57A1002073B4 /* PBXContainerItemProxy */ = {
			isa = PBXContainerItemProxy;
			containerPortal = F604CE991D7D57A1002073B4 /* Project object */;
			proxyType = 1;
			remoteGlobalIDString = F604CEA01D7D57A1002073B4;
			remoteInfo = MyGame;
		};
/* End PBXContainerItemProxy section */

/* Begin PBXFileReference section */
		0499A7561D8FA0C000D88EEB /* ResultViewObserver.h */ = {isa = PBXFileReference; lastKnownFileType = sourcecode.c.h; path = ResultViewObserver.h; sourceTree = "<group>"; };
		04A57F5D1D85325400A9DB47 /* UIView+Location.h */ = {isa = PBXFileReference; fileEncoding = 4; lastKnownFileType = sourcecode.c.h; path = "UIView+Location.h"; sourceTree = "<group>"; };
		04A57F5E1D85325400A9DB47 /* UIView+Location.m */ = {isa = PBXFileReference; fileEncoding = 4; lastKnownFileType = sourcecode.c.objc; path = "UIView+Location.m"; sourceTree = "<group>"; };
		04A57F601D85594700A9DB47 /* NextBallsBoardView.h */ = {isa = PBXFileReference; fileEncoding = 4; lastKnownFileType = sourcecode.c.h; path = NextBallsBoardView.h; sourceTree = "<group>"; };
		04A57F611D85594700A9DB47 /* NextBallsBoardView.m */ = {isa = PBXFileReference; fileEncoding = 4; lastKnownFileType = sourcecode.c.objc; path = NextBallsBoardView.m; sourceTree = "<group>"; };
		04A57F631D85980D00A9DB47 /* BallBoardSuperView.h */ = {isa = PBXFileReference; fileEncoding = 4; lastKnownFileType = sourcecode.c.h; path = BallBoardSuperView.h; sourceTree = "<group>"; };
		04A57F641D85980D00A9DB47 /* BallBoardSuperView.m */ = {isa = PBXFileReference; fileEncoding = 4; lastKnownFileType = sourcecode.c.objc; path = BallBoardSuperView.m; sourceTree = "<group>"; };
		04A57F661D86D91900A9DB47 /* RankingsViewController.h */ = {isa = PBXFileReference; fileEncoding = 4; lastKnownFileType = sourcecode.c.h; path = RankingsViewController.h; sourceTree = "<group>"; };
		04A57F671D86D91900A9DB47 /* RankingsViewController.m */ = {isa = PBXFileReference; fileEncoding = 4; lastKnownFileType = sourcecode.c.objc; path = RankingsViewController.m; sourceTree = "<group>"; };
		04A57F8D1D87F05800A9DB47 /* TutorialViewController.h */ = {isa = PBXFileReference; fileEncoding = 4; lastKnownFileType = sourcecode.c.h; path = TutorialViewController.h; sourceTree = "<group>"; };
		04A57F8E1D87F05800A9DB47 /* TutorialViewController.m */ = {isa = PBXFileReference; fileEncoding = 4; lastKnownFileType = sourcecode.c.objc; path = TutorialViewController.m; sourceTree = "<group>"; };
		04A57FDC1D89B45500A9DB47 /* ResultView.h */ = {isa = PBXFileReference; fileEncoding = 4; lastKnownFileType = sourcecode.c.h; path = ResultView.h; sourceTree = "<group>"; };
		04A57FDD1D89B45500A9DB47 /* ResultView.m */ = {isa = PBXFileReference; fileEncoding = 4; lastKnownFileType = sourcecode.c.objc; path = ResultView.m; sourceTree = "<group>"; };
		04A57FDF1D8E698800A9DB47 /* Rankings.h */ = {isa = PBXFileReference; fileEncoding = 4; lastKnownFileType = sourcecode.c.h; path = Rankings.h; sourceTree = "<group>"; };
		04A57FE01D8E698800A9DB47 /* Rankings.m */ = {isa = PBXFileReference; fileEncoding = 4; lastKnownFileType = sourcecode.c.objc; path = Rankings.m; sourceTree = "<group>"; };
		04A57FE21D8E6FFC00A9DB47 /* ConcreteRankings.h */ = {isa = PBXFileReference; fileEncoding = 4; lastKnownFileType = sourcecode.c.h; path = ConcreteRankings.h; sourceTree = "<group>"; };
		04A57FE31D8E6FFC00A9DB47 /* ConcreteRankings.m */ = {isa = PBXFileReference; fileEncoding = 4; lastKnownFileType = sourcecode.c.objc; path = ConcreteRankings.m; sourceTree = "<group>"; };
		04D7ACB91D816E49005FD9C6 /* BoardViewObserver.h */ = {isa = PBXFileReference; lastKnownFileType = sourcecode.c.h; path = BoardViewObserver.h; sourceTree = "<group>"; };
		04D7ACBA1D817625005FD9C6 /* Common.h */ = {isa = PBXFileReference; lastKnownFileType = sourcecode.c.h; path = Common.h; sourceTree = "<group>"; };
		04D7ACBB1D81C043005FD9C6 /* GameConfig.h */ = {isa = PBXFileReference; lastKnownFileType = sourcecode.c.h; path = GameConfig.h; sourceTree = "<group>"; };
		04D7ACBC1D81C79C005FD9C6 /* GameConfig.m */ = {isa = PBXFileReference; fileEncoding = 4; lastKnownFileType = sourcecode.c.objc; path = GameConfig.m; sourceTree = "<group>"; };
		04D7ACBE1D827C26005FD9C6 /* ShortestPath.h */ = {isa = PBXFileReference; fileEncoding = 4; lastKnownFileType = sourcecode.c.h; path = ShortestPath.h; sourceTree = "<group>"; };
		04D7ACBF1D827C26005FD9C6 /* ShortestPath.m */ = {isa = PBXFileReference; fileEncoding = 4; lastKnownFileType = sourcecode.c.objc; path = ShortestPath.m; sourceTree = "<group>"; };
		04F1C75E1D82D1C300CDF462 /* Common.m */ = {isa = PBXFileReference; fileEncoding = 4; lastKnownFileType = sourcecode.c.objc; path = Common.m; sourceTree = "<group>"; };
		F604CEA11D7D57A1002073B4 /* MyGame.app */ = {isa = PBXFileReference; explicitFileType = wrapper.application; includeInIndex = 0; path = MyGame.app; sourceTree = BUILT_PRODUCTS_DIR; };
		F604CEA51D7D57A1002073B4 /* main.m */ = {isa = PBXFileReference; lastKnownFileType = sourcecode.c.objc; path = main.m; sourceTree = "<group>"; };
		F604CEA71D7D57A1002073B4 /* AppDelegate.h */ = {isa = PBXFileReference; lastKnownFileType = sourcecode.c.h; path = AppDelegate.h; sourceTree = "<group>"; };
		F604CEA81D7D57A1002073B4 /* AppDelegate.m */ = {isa = PBXFileReference; lastKnownFileType = sourcecode.c.objc; path = AppDelegate.m; sourceTree = "<group>"; };
		F604CEAA1D7D57A1002073B4 /* ViewController.h */ = {isa = PBXFileReference; lastKnownFileType = sourcecode.c.h; path = ViewController.h; sourceTree = "<group>"; };
		F604CEAB1D7D57A1002073B4 /* ViewController.m */ = {isa = PBXFileReference; lastKnownFileType = sourcecode.c.objc; path = ViewController.m; sourceTree = "<group>"; };
		F604CEAE1D7D57A1002073B4 /* Base */ = {isa = PBXFileReference; lastKnownFileType = file.storyboard; name = Base; path = Base.lproj/Main.storyboard; sourceTree = "<group>"; };
		F604CEB01D7D57A1002073B4 /* Assets.xcassets */ = {isa = PBXFileReference; lastKnownFileType = folder.assetcatalog; path = Assets.xcassets; sourceTree = "<group>"; };
		F604CEB31D7D57A1002073B4 /* Base */ = {isa = PBXFileReference; lastKnownFileType = file.storyboard; name = Base; path = Base.lproj/LaunchScreen.storyboard; sourceTree = "<group>"; };
		F604CEB51D7D57A1002073B4 /* Info.plist */ = {isa = PBXFileReference; lastKnownFileType = text.plist.xml; path = Info.plist; sourceTree = "<group>"; };
		F604CEBA1D7D57A1002073B4 /* MyGameTests.xctest */ = {isa = PBXFileReference; explicitFileType = wrapper.cfbundle; includeInIndex = 0; path = MyGameTests.xctest; sourceTree = BUILT_PRODUCTS_DIR; };
		F604CEBE1D7D57A1002073B4 /* MyGameTests.m */ = {isa = PBXFileReference; lastKnownFileType = sourcecode.c.objc; path = MyGameTests.m; sourceTree = "<group>"; };
		F604CEC01D7D57A1002073B4 /* Info.plist */ = {isa = PBXFileReference; lastKnownFileType = text.plist.xml; path = Info.plist; sourceTree = "<group>"; };
		F604CEC51D7D57A1002073B4 /* MyGameUITests.xctest */ = {isa = PBXFileReference; explicitFileType = wrapper.cfbundle; includeInIndex = 0; path = MyGameUITests.xctest; sourceTree = BUILT_PRODUCTS_DIR; };
		F604CEC91D7D57A1002073B4 /* MyGameUITests.m */ = {isa = PBXFileReference; lastKnownFileType = sourcecode.c.objc; path = MyGameUITests.m; sourceTree = "<group>"; };
		F604CECB1D7D57A1002073B4 /* Info.plist */ = {isa = PBXFileReference; lastKnownFileType = text.plist.xml; path = Info.plist; sourceTree = "<group>"; };
		F604CEDE1D7D8151002073B4 /* Ball.m */ = {isa = PBXFileReference; fileEncoding = 4; lastKnownFileType = sourcecode.c.objc; path = Ball.m; sourceTree = "<group>"; };
		F604CEE01D7D81A3002073B4 /* Ball.h */ = {isa = PBXFileReference; lastKnownFileType = sourcecode.c.h; path = Ball.h; sourceTree = "<group>"; };
		F604CEE11D7D81AD002073B4 /* PlayBoard.h */ = {isa = PBXFileReference; lastKnownFileType = sourcecode.c.h; path = PlayBoard.h; sourceTree = "<group>"; };
		F604CEE21D7D8D27002073B4 /* PlayBoard.m */ = {isa = PBXFileReference; fileEncoding = 4; lastKnownFileType = sourcecode.c.objc; path = PlayBoard.m; sourceTree = "<group>"; };
		F604CEE41D7D8F78002073B4 /* BallFactory.h */ = {isa = PBXFileReference; lastKnownFileType = sourcecode.c.h; path = BallFactory.h; sourceTree = "<group>"; };
		F604CEE51D7D9169002073B4 /* RandomBallFactory.h */ = {isa = PBXFileReference; fileEncoding = 4; lastKnownFileType = sourcecode.c.h; path = RandomBallFactory.h; sourceTree = "<group>"; };
		F604CEE61D7D9169002073B4 /* RandomBallFactory.m */ = {isa = PBXFileReference; fileEncoding = 4; lastKnownFileType = sourcecode.c.objc; path = RandomBallFactory.m; sourceTree = "<group>"; };
		F618173C1D7E8BED0026D828 /* BoardView.h */ = {isa = PBXFileReference; fileEncoding = 4; lastKnownFileType = sourcecode.c.h; path = BoardView.h; sourceTree = "<group>"; };
		F618173D1D7E8BED0026D828 /* BoardView.m */ = {isa = PBXFileReference; fileEncoding = 4; lastKnownFileType = sourcecode.c.objc; path = BoardView.m; sourceTree = "<group>"; };
/* End PBXFileReference section */

/* Begin PBXFrameworksBuildPhase section */
		F604CE9E1D7D57A1002073B4 /* Frameworks */ = {
			isa = PBXFrameworksBuildPhase;
			buildActionMask = 2147483647;
			files = (
			);
			runOnlyForDeploymentPostprocessing = 0;
		};
		F604CEB71D7D57A1002073B4 /* Frameworks */ = {
			isa = PBXFrameworksBuildPhase;
			buildActionMask = 2147483647;
			files = (
			);
			runOnlyForDeploymentPostprocessing = 0;
		};
		F604CEC21D7D57A1002073B4 /* Frameworks */ = {
			isa = PBXFrameworksBuildPhase;
			buildActionMask = 2147483647;
			files = (
			);
			runOnlyForDeploymentPostprocessing = 0;
		};
/* End PBXFrameworksBuildPhase section */

/* Begin PBXGroup section */
		04A57F8C1D87B20C00A9DB47 /* Controller */ = {
			isa = PBXGroup;
			children = (
				F604CEAA1D7D57A1002073B4 /* ViewController.h */,
				F604CEAB1D7D57A1002073B4 /* ViewController.m */,
				04A57F661D86D91900A9DB47 /* RankingsViewController.h */,
				04A57F671D86D91900A9DB47 /* RankingsViewController.m */,
				04A57F8D1D87F05800A9DB47 /* TutorialViewController.h */,
				04A57F8E1D87F05800A9DB47 /* TutorialViewController.m */,
				04D7ACBA1D817625005FD9C6 /* Common.h */,
			);
			name = Controller;
			sourceTree = "<group>";
		};
		F604CE981D7D57A1002073B4 = {
			isa = PBXGroup;
			children = (
				F604CEA31D7D57A1002073B4 /* MyGame */,
				F604CEBD1D7D57A1002073B4 /* MyGameTests */,
				F604CEC81D7D57A1002073B4 /* MyGameUITests */,
				F604CEA21D7D57A1002073B4 /* Products */,
			);
			sourceTree = "<group>";
		};
		F604CEA21D7D57A1002073B4 /* Products */ = {
			isa = PBXGroup;
			children = (
				F604CEA11D7D57A1002073B4 /* MyGame.app */,
				F604CEBA1D7D57A1002073B4 /* MyGameTests.xctest */,
				F604CEC51D7D57A1002073B4 /* MyGameUITests.xctest */,
			);
			name = Products;
			sourceTree = "<group>";
		};
		F604CEA31D7D57A1002073B4 /* MyGame */ = {
			isa = PBXGroup;
			children = (
				04A57F8C1D87B20C00A9DB47 /* Controller */,
				04F1C75E1D82D1C300CDF462 /* Common.m */,
				04D7ACBB1D81C043005FD9C6 /* GameConfig.h */,
				04D7ACBC1D81C79C005FD9C6 /* GameConfig.m */,
				F61817391D7E8B800026D828 /* View */,
				F61817381D7E6C020026D828 /* Models */,
				F604CEA71D7D57A1002073B4 /* AppDelegate.h */,
				F604CEA81D7D57A1002073B4 /* AppDelegate.m */,
				F604CEB01D7D57A1002073B4 /* Assets.xcassets */,
				F604CEB51D7D57A1002073B4 /* Info.plist */,
				F604CEA41D7D57A1002073B4 /* Supporting Files */,
			);
			path = MyGame;
			sourceTree = "<group>";
		};
		F604CEA41D7D57A1002073B4 /* Supporting Files */ = {
			isa = PBXGroup;
			children = (
				F604CEA51D7D57A1002073B4 /* main.m */,
			);
			name = "Supporting Files";
			sourceTree = "<group>";
		};
		F604CEBD1D7D57A1002073B4 /* MyGameTests */ = {
			isa = PBXGroup;
			children = (
				F604CEBE1D7D57A1002073B4 /* MyGameTests.m */,
				F604CEC01D7D57A1002073B4 /* Info.plist */,
			);
			path = MyGameTests;
			sourceTree = "<group>";
		};
		F604CEC81D7D57A1002073B4 /* MyGameUITests */ = {
			isa = PBXGroup;
			children = (
				F604CEC91D7D57A1002073B4 /* MyGameUITests.m */,
				F604CECB1D7D57A1002073B4 /* Info.plist */,
			);
			path = MyGameUITests;
			sourceTree = "<group>";
		};
		F61817381D7E6C020026D828 /* Models */ = {
			isa = PBXGroup;
			children = (
				F604CEE11D7D81AD002073B4 /* PlayBoard.h */,
				F604CEE21D7D8D27002073B4 /* PlayBoard.m */,
				F604CEE41D7D8F78002073B4 /* BallFactory.h */,
				F604CEE51D7D9169002073B4 /* RandomBallFactory.h */,
				F604CEE61D7D9169002073B4 /* RandomBallFactory.m */,
				F604CEE01D7D81A3002073B4 /* Ball.h */,
				F604CEDE1D7D8151002073B4 /* Ball.m */,
				04A57FDF1D8E698800A9DB47 /* Rankings.h */,
				04A57FE01D8E698800A9DB47 /* Rankings.m */,
				04A57FE21D8E6FFC00A9DB47 /* ConcreteRankings.h */,
				04A57FE31D8E6FFC00A9DB47 /* ConcreteRankings.m */,
			);
			name = Models;
			sourceTree = "<group>";
		};
		F61817391D7E8B800026D828 /* View */ = {
			isa = PBXGroup;
			children = (
				04D7ACB91D816E49005FD9C6 /* BoardViewObserver.h */,
				04A57F5D1D85325400A9DB47 /* UIView+Location.h */,
				04A57F5E1D85325400A9DB47 /* UIView+Location.m */,
				F604CEAD1D7D57A1002073B4 /* Main.storyboard */,
				F604CEB21D7D57A1002073B4 /* LaunchScreen.storyboard */,
				F618173C1D7E8BED0026D828 /* BoardView.h */,
				F618173D1D7E8BED0026D828 /* BoardView.m */,
				04D7ACBE1D827C26005FD9C6 /* ShortestPath.h */,
				04D7ACBF1D827C26005FD9C6 /* ShortestPath.m */,
				04A57F601D85594700A9DB47 /* NextBallsBoardView.h */,
				04A57F611D85594700A9DB47 /* NextBallsBoardView.m */,
				04A57F631D85980D00A9DB47 /* BallBoardSuperView.h */,
				04A57F641D85980D00A9DB47 /* BallBoardSuperView.m */,
				04A57FDC1D89B45500A9DB47 /* ResultView.h */,
				04A57FDD1D89B45500A9DB47 /* ResultView.m */,
				0499A7561D8FA0C000D88EEB /* ResultViewObserver.h */,
			);
			name = View;
			sourceTree = "<group>";
		};
/* End PBXGroup section */

/* Begin PBXNativeTarget section */
		F604CEA01D7D57A1002073B4 /* MyGame */ = {
			isa = PBXNativeTarget;
			buildConfigurationList = F604CECE1D7D57A1002073B4 /* Build configuration list for PBXNativeTarget "MyGame" */;
			buildPhases = (
				F604CE9D1D7D57A1002073B4 /* Sources */,
				F604CE9E1D7D57A1002073B4 /* Frameworks */,
				F604CE9F1D7D57A1002073B4 /* Resources */,
			);
			buildRules = (
			);
			dependencies = (
			);
			name = MyGame;
			productName = MyGame;
			productReference = F604CEA11D7D57A1002073B4 /* MyGame.app */;
			productType = "com.apple.product-type.application";
		};
		F604CEB91D7D57A1002073B4 /* MyGameTests */ = {
			isa = PBXNativeTarget;
			buildConfigurationList = F604CED11D7D57A1002073B4 /* Build configuration list for PBXNativeTarget "MyGameTests" */;
			buildPhases = (
				F604CEB61D7D57A1002073B4 /* Sources */,
				F604CEB71D7D57A1002073B4 /* Frameworks */,
				F604CEB81D7D57A1002073B4 /* Resources */,
			);
			buildRules = (
			);
			dependencies = (
				F604CEBC1D7D57A1002073B4 /* PBXTargetDependency */,
			);
			name = MyGameTests;
			productName = MyGameTests;
			productReference = F604CEBA1D7D57A1002073B4 /* MyGameTests.xctest */;
			productType = "com.apple.product-type.bundle.unit-test";
		};
		F604CEC41D7D57A1002073B4 /* MyGameUITests */ = {
			isa = PBXNativeTarget;
			buildConfigurationList = F604CED41D7D57A1002073B4 /* Build configuration list for PBXNativeTarget "MyGameUITests" */;
			buildPhases = (
				F604CEC11D7D57A1002073B4 /* Sources */,
				F604CEC21D7D57A1002073B4 /* Frameworks */,
				F604CEC31D7D57A1002073B4 /* Resources */,
			);
			buildRules = (
			);
			dependencies = (
				F604CEC71D7D57A1002073B4 /* PBXTargetDependency */,
			);
			name = MyGameUITests;
			productName = MyGameUITests;
			productReference = F604CEC51D7D57A1002073B4 /* MyGameUITests.xctest */;
			productType = "com.apple.product-type.bundle.ui-testing";
		};
/* End PBXNativeTarget section */

/* Begin PBXProject section */
		F604CE991D7D57A1002073B4 /* Project object */ = {
			isa = PBXProject;
			attributes = {
				LastUpgradeCheck = 0730;
				ORGANIZATIONNAME = robert;
				TargetAttributes = {
					F604CEA01D7D57A1002073B4 = {
						CreatedOnToolsVersion = 7.3.1;
						DevelopmentTeam = 6KKRZB4E7A;
					};
					F604CEB91D7D57A1002073B4 = {
						CreatedOnToolsVersion = 7.3.1;
						TestTargetID = F604CEA01D7D57A1002073B4;
					};
					F604CEC41D7D57A1002073B4 = {
						CreatedOnToolsVersion = 7.3.1;
						TestTargetID = F604CEA01D7D57A1002073B4;
					};
				};
			};
			buildConfigurationList = F604CE9C1D7D57A1002073B4 /* Build configuration list for PBXProject "MyGame" */;
			compatibilityVersion = "Xcode 3.2";
			developmentRegion = English;
			hasScannedForEncodings = 0;
			knownRegions = (
				en,
				Base,
			);
			mainGroup = F604CE981D7D57A1002073B4;
			productRefGroup = F604CEA21D7D57A1002073B4 /* Products */;
			projectDirPath = "";
			projectRoot = "";
			targets = (
				F604CEA01D7D57A1002073B4 /* MyGame */,
				F604CEB91D7D57A1002073B4 /* MyGameTests */,
				F604CEC41D7D57A1002073B4 /* MyGameUITests */,
			);
		};
/* End PBXProject section */

/* Begin PBXResourcesBuildPhase section */
		F604CE9F1D7D57A1002073B4 /* Resources */ = {
			isa = PBXResourcesBuildPhase;
			buildActionMask = 2147483647;
			files = (
				F604CEB41D7D57A1002073B4 /* LaunchScreen.storyboard in Resources */,
				F604CEB11D7D57A1002073B4 /* Assets.xcassets in Resources */,
				F604CEAF1D7D57A1002073B4 /* Main.storyboard in Resources */,
			);
			runOnlyForDeploymentPostprocessing = 0;
		};
		F604CEB81D7D57A1002073B4 /* Resources */ = {
			isa = PBXResourcesBuildPhase;
			buildActionMask = 2147483647;
			files = (
			);
			runOnlyForDeploymentPostprocessing = 0;
		};
		F604CEC31D7D57A1002073B4 /* Resources */ = {
			isa = PBXResourcesBuildPhase;
			buildActionMask = 2147483647;
			files = (
			);
			runOnlyForDeploymentPostprocessing = 0;
		};
/* End PBXResourcesBuildPhase section */

/* Begin PBXSourcesBuildPhase section */
		F604CE9D1D7D57A1002073B4 /* Sources */ = {
			isa = PBXSourcesBuildPhase;
			buildActionMask = 2147483647;
			files = (
				04F1C75F1D82D1C300CDF462 /* Common.m in Sources */,
				04A57FDE1D89B45500A9DB47 /* ResultView.m in Sources */,
				F604CEAC1D7D57A1002073B4 /* ViewController.m in Sources */,
				F618173E1D7E8BED0026D828 /* BoardView.m in Sources */,
				F604CEA91D7D57A1002073B4 /* AppDelegate.m in Sources */,
				04A57F621D85594700A9DB47 /* NextBallsBoardView.m in Sources */,
				04A57F681D86D91900A9DB47 /* RankingsViewController.m in Sources */,
				F604CEA61D7D57A1002073B4 /* main.m in Sources */,
				04A57F5F1D85325400A9DB47 /* UIView+Location.m in Sources */,
				F604CEE31D7D8D28002073B4 /* PlayBoard.m in Sources */,
				04A57F651D85980D00A9DB47 /* BallBoardSuperView.m in Sources */,
				F604CEDF1D7D8151002073B4 /* Ball.m in Sources */,
				04A57FE11D8E698800A9DB47 /* Rankings.m in Sources */,
				04A57FE41D8E6FFC00A9DB47 /* ConcreteRankings.m in Sources */,
				F604CEE71D7D9169002073B4 /* RandomBallFactory.m in Sources */,
				04D7ACC01D827C26005FD9C6 /* ShortestPath.m in Sources */,
				04D7ACBD1D81C79C005FD9C6 /* GameConfig.m in Sources */,
				04A57F8F1D87F05800A9DB47 /* TutorialViewController.m in Sources */,
			);
			runOnlyForDeploymentPostprocessing = 0;
		};
		F604CEB61D7D57A1002073B4 /* Sources */ = {
			isa = PBXSourcesBuildPhase;
			buildActionMask = 2147483647;
			files = (
				F604CEBF1D7D57A1002073B4 /* MyGameTests.m in Sources */,
			);
			runOnlyForDeploymentPostprocessing = 0;
		};
		F604CEC11D7D57A1002073B4 /* Sources */ = {
			isa = PBXSourcesBuildPhase;
			buildActionMask = 2147483647;
			files = (
				F604CECA1D7D57A1002073B4 /* MyGameUITests.m in Sources */,
			);
			runOnlyForDeploymentPostprocessing = 0;
		};
/* End PBXSourcesBuildPhase section */

/* Begin PBXTargetDependency section */
		F604CEBC1D7D57A1002073B4 /* PBXTargetDependency */ = {
			isa = PBXTargetDependency;
			target = F604CEA01D7D57A1002073B4 /* MyGame */;
			targetProxy = F604CEBB1D7D57A1002073B4 /* PBXContainerItemProxy */;
		};
		F604CEC71D7D57A1002073B4 /* PBXTargetDependency */ = {
			isa = PBXTargetDependency;
			target = F604CEA01D7D57A1002073B4 /* MyGame */;
			targetProxy = F604CEC61D7D57A1002073B4 /* PBXContainerItemProxy */;
		};
/* End PBXTargetDependency section */

/* Begin PBXVariantGroup section */
		F604CEAD1D7D57A1002073B4 /* Main.storyboard */ = {
			isa = PBXVariantGroup;
			children = (
				F604CEAE1D7D57A1002073B4 /* Base */,
			);
			name = Main.storyboard;
			sourceTree = "<group>";
		};
		F604CEB21D7D57A1002073B4 /* LaunchScreen.storyboard */ = {
			isa = PBXVariantGroup;
			children = (
				F604CEB31D7D57A1002073B4 /* Base */,
			);
			name = LaunchScreen.storyboard;
			sourceTree = "<group>";
		};
/* End PBXVariantGroup section */

/* Begin XCBuildConfiguration section */
		F604CECC1D7D57A1002073B4 /* Debug */ = {
			isa = XCBuildConfiguration;
			buildSettings = {
				ALWAYS_SEARCH_USER_PATHS = NO;
				CLANG_ANALYZER_NONNULL = YES;
				CLANG_CXX_LANGUAGE_STANDARD = "gnu++0x";
				CLANG_CXX_LIBRARY = "libc++";
				CLANG_ENABLE_MODULES = YES;
				CLANG_ENABLE_OBJC_ARC = YES;
				CLANG_WARN_BOOL_CONVERSION = YES;
				CLANG_WARN_CONSTANT_CONVERSION = YES;
				CLANG_WARN_DIRECT_OBJC_ISA_USAGE = YES_ERROR;
				CLANG_WARN_EMPTY_BODY = YES;
				CLANG_WARN_ENUM_CONVERSION = YES;
				CLANG_WARN_INT_CONVERSION = YES;
				CLANG_WARN_OBJC_ROOT_CLASS = YES_ERROR;
				CLANG_WARN_UNREACHABLE_CODE = YES;
				CLANG_WARN__DUPLICATE_METHOD_MATCH = YES;
				"CODE_SIGN_IDENTITY[sdk=iphoneos*]" = "iPhone Developer";
				COPY_PHASE_STRIP = NO;
				DEBUG_INFORMATION_FORMAT = dwarf;
				ENABLE_STRICT_OBJC_MSGSEND = YES;
				ENABLE_TESTABILITY = YES;
				GCC_C_LANGUAGE_STANDARD = gnu99;
				GCC_DYNAMIC_NO_PIC = NO;
				GCC_NO_COMMON_BLOCKS = YES;
				GCC_OPTIMIZATION_LEVEL = 0;
				GCC_PREPROCESSOR_DEFINITIONS = (
					"DEBUG=1",
					"$(inherited)",
				);
				GCC_WARN_64_TO_32_BIT_CONVERSION = YES;
				GCC_WARN_ABOUT_RETURN_TYPE = YES_ERROR;
				GCC_WARN_UNDECLARED_SELECTOR = YES;
				GCC_WARN_UNINITIALIZED_AUTOS = YES_AGGRESSIVE;
				GCC_WARN_UNUSED_FUNCTION = YES;
				GCC_WARN_UNUSED_VARIABLE = YES;
				IPHONEOS_DEPLOYMENT_TARGET = 9.3;
				MTL_ENABLE_DEBUG_INFO = YES;
				ONLY_ACTIVE_ARCH = YES;
				SDKROOT = iphoneos;
				TARGETED_DEVICE_FAMILY = "1,2";
			};
			name = Debug;
		};
		F604CECD1D7D57A1002073B4 /* Release */ = {
			isa = XCBuildConfiguration;
			buildSettings = {
				ALWAYS_SEARCH_USER_PATHS = NO;
				CLANG_ANALYZER_NONNULL = YES;
				CLANG_CXX_LANGUAGE_STANDARD = "gnu++0x";
				CLANG_CXX_LIBRARY = "libc++";
				CLANG_ENABLE_MODULES = YES;
				CLANG_ENABLE_OBJC_ARC = YES;
				CLANG_WARN_BOOL_CONVERSION = YES;
				CLANG_WARN_CONSTANT_CONVERSION = YES;
				CLANG_WARN_DIRECT_OBJC_ISA_USAGE = YES_ERROR;
				CLANG_WARN_EMPTY_BODY = YES;
				CLANG_WARN_ENUM_CONVERSION = YES;
				CLANG_WARN_INT_CONVERSION = YES;
				CLANG_WARN_OBJC_ROOT_CLASS = YES_ERROR;
				CLANG_WARN_UNREACHABLE_CODE = YES;
				CLANG_WARN__DUPLICATE_METHOD_MATCH = YES;
				"CODE_SIGN_IDENTITY[sdk=iphoneos*]" = "iPhone Developer";
				COPY_PHASE_STRIP = NO;
				DEBUG_INFORMATION_FORMAT = "dwarf-with-dsym";
				ENABLE_NS_ASSERTIONS = NO;
				ENABLE_STRICT_OBJC_MSGSEND = YES;
				GCC_C_LANGUAGE_STANDARD = gnu99;
				GCC_NO_COMMON_BLOCKS = YES;
				GCC_WARN_64_TO_32_BIT_CONVERSION = YES;
				GCC_WARN_ABOUT_RETURN_TYPE = YES_ERROR;
				GCC_WARN_UNDECLARED_SELECTOR = YES;
				GCC_WARN_UNINITIALIZED_AUTOS = YES_AGGRESSIVE;
				GCC_WARN_UNUSED_FUNCTION = YES;
				GCC_WARN_UNUSED_VARIABLE = YES;
				IPHONEOS_DEPLOYMENT_TARGET = 9.3;
				MTL_ENABLE_DEBUG_INFO = NO;
				SDKROOT = iphoneos;
				TARGETED_DEVICE_FAMILY = "1,2";
				VALIDATE_PRODUCT = YES;
			};
			name = Release;
		};
		F604CECF1D7D57A1002073B4 /* Debug */ = {
			isa = XCBuildConfiguration;
			buildSettings = {
				ASSETCATALOG_COMPILER_APPICON_NAME = AppIcon;
				CODE_SIGN_IDENTITY = "iPhone Developer";
				"CODE_SIGN_IDENTITY[sdk=iphoneos*]" = "iPhone Developer";
				INFOPLIST_FILE = MyGame/Info.plist;
				LD_RUNPATH_SEARCH_PATHS = "$(inherited) @executable_path/Frameworks";
				PRODUCT_BUNDLE_IDENTIFIER = com.sogou.robert.MyGame;
				PRODUCT_NAME = "$(TARGET_NAME)";
				PROVISIONING_PROFILE = "";
			};
			name = Debug;
		};
		F604CED01D7D57A1002073B4 /* Release */ = {
			isa = XCBuildConfiguration;
			buildSettings = {
				ASSETCATALOG_COMPILER_APPICON_NAME = AppIcon;
				CODE_SIGN_IDENTITY = "iPhone Developer";
				"CODE_SIGN_IDENTITY[sdk=iphoneos*]" = "iPhone Developer";
				INFOPLIST_FILE = MyGame/Info.plist;
				LD_RUNPATH_SEARCH_PATHS = "$(inherited) @executable_path/Frameworks";
				PRODUCT_BUNDLE_IDENTIFIER = com.sogou.robert.MyGame;
				PRODUCT_NAME = "$(TARGET_NAME)";
				PROVISIONING_PROFILE = "";
			};
			name = Release;
		};
		F604CED21D7D57A1002073B4 /* Debug */ = {
			isa = XCBuildConfiguration;
			buildSettings = {
				BUNDLE_LOADER = "$(TEST_HOST)";
				INFOPLIST_FILE = MyGameTests/Info.plist;
				LD_RUNPATH_SEARCH_PATHS = "$(inherited) @executable_path/Frameworks @loader_path/Frameworks";
				PRODUCT_BUNDLE_IDENTIFIER = com.sogou.robert.MyGameTests;
				PRODUCT_NAME = "$(TARGET_NAME)";
				TEST_HOST = "$(BUILT_PRODUCTS_DIR)/MyGame.app/MyGame";
			};
			name = Debug;
		};
		F604CED31D7D57A1002073B4 /* Release */ = {
			isa = XCBuildConfiguration;
			buildSettings = {
				BUNDLE_LOADER = "$(TEST_HOST)";
				INFOPLIST_FILE = MyGameTests/Info.plist;
				LD_RUNPATH_SEARCH_PATHS = "$(inherited) @executable_path/Frameworks @loader_path/Frameworks";
				PRODUCT_BUNDLE_IDENTIFIER = com.sogou.robert.MyGameTests;
				PRODUCT_NAME = "$(TARGET_NAME)";
				TEST_HOST = "$(BUILT_PRODUCTS_DIR)/MyGame.app/MyGame";
			};
			name = Release;
		};
		F604CED51D7D57A1002073B4 /* Debug */ = {
			isa = XCBuildConfiguration;
			buildSettings = {
				INFOPLIST_FILE = MyGameUITests/Info.plist;
				LD_RUNPATH_SEARCH_PATHS = "$(inherited) @executable_path/Frameworks @loader_path/Frameworks";
				PRODUCT_BUNDLE_IDENTIFIER = com.sogou.robert.MyGameUITests;
				PRODUCT_NAME = "$(TARGET_NAME)";
				TEST_TARGET_NAME = MyGame;
			};
			name = Debug;
		};
		F604CED61D7D57A1002073B4 /* Release */ = {
			isa = XCBuildConfiguration;
			buildSettings = {
				INFOPLIST_FILE = MyGameUITests/Info.plist;
				LD_RUNPATH_SEARCH_PATHS = "$(inherited) @executable_path/Frameworks @loader_path/Frameworks";
				PRODUCT_BUNDLE_IDENTIFIER = com.sogou.robert.MyGameUITests;
				PRODUCT_NAME = "$(TARGET_NAME)";
				TEST_TARGET_NAME = MyGame;
			};
			name = Release;
		};
/* End XCBuildConfiguration section */

/* Begin XCConfigurationList section */
		F604CE9C1D7D57A1002073B4 /* Build configuration list for PBXProject "MyGame" */ = {
			isa = XCConfigurationList;
			buildConfigurations = (
				F604CECC1D7D57A1002073B4 /* Debug */,
				F604CECD1D7D57A1002073B4 /* Release */,
			);
			defaultConfigurationIsVisible = 0;
			defaultConfigurationName = Release;
		};
		F604CECE1D7D57A1002073B4 /* Build configuration list for PBXNativeTarget "MyGame" */ = {
			isa = XCConfigurationList;
			buildConfigurations = (
				F604CECF1D7D57A1002073B4 /* Debug */,
				F604CED01D7D57A1002073B4 /* Release */,
			);
			defaultConfigurationIsVisible = 0;
			defaultConfigurationName = Release;
		};
		F604CED11D7D57A1002073B4 /* Build configuration list for PBXNativeTarget "MyGameTests" */ = {
			isa = XCConfigurationList;
			buildConfigurations = (
				F604CED21D7D57A1002073B4 /* Debug */,
				F604CED31D7D57A1002073B4 /* Release */,
			);
			defaultConfigurationIsVisible = 0;
			defaultConfigurationName = Release;
		};
		F604CED41D7D57A1002073B4 /* Build configuration list for PBXNativeTarget "MyGameUITests" */ = {
			isa = XCConfigurationList;
			buildConfigurations = (
				F604CED51D7D57A1002073B4 /* Debug */,
				F604CED61D7D57A1002073B4 /* Release */,
			);
			defaultConfigurationIsVisible = 0;
			defaultConfigurationName = Release;
		};
/* End XCConfigurationList section */
	};
	rootObject = F604CE991D7D57A1002073B4 /* Project object */;
}
